speakeasyVersion: 1.590.0
sources:
    firehydrant-oas:
        sourceNamespace: firehydrant-oas
        sourceRevisionDigest: sha256:216bbf80e2c30bff733ad1aef9a4ffbbcb8c5760773aa3b9dfdaacceaa1b800c
        sourceBlobDigest: sha256:9519ab0532b73bef4ebac8a6211ed6c3e7e195ef66dc1cdc7dca30be966d5acf
        tags:
            - latest
            - speakeasy-sdk-regen-1753401865
            - 0.0.1
    firehydrant-terraform-sdk-OAS:
        sourceNamespace: firehydrant-terraform-sdk-oas
        sourceRevisionDigest: sha256:c7d0011194e8963eb9f8e18a54a21f82a9fc6e53c638b143385ca5aaabc232b5
        sourceBlobDigest: sha256:f6ffe4d71cbc8f195cf28218fe7c5a6212053a7fa58a4e0aa275374cfcf3c675
        tags:
            - latest
            - speakeasy-sdk-regen-1736359114
targets:
    firehydrant-terraform-sdk:
        source: firehydrant-oas
        sourceNamespace: firehydrant-oas
        sourceRevisionDigest: sha256:216bbf80e2c30bff733ad1aef9a4ffbbcb8c5760773aa3b9dfdaacceaa1b800c
        sourceBlobDigest: sha256:9519ab0532b73bef4ebac8a6211ed6c3e7e195ef66dc1cdc7dca30be966d5acf
workflow:
    workflowVersion: 1.0.0
    speakeasyVersion: latest
    sources:
        firehydrant-oas:
            inputs:
                - location: ${GITHUB_WORKSPACE}/openapi.json
            overlays:
                - location: ${GITHUB_WORKSPACE}/.speakeasy/terraform-overlay.yaml
            registry:
                location: registry.speakeasyapi.dev/firehydrant/firehydrant/firehydrant-oas
    targets:
        firehydrant-terraform-sdk:
            target: terraform
            source: firehydrant-oas
            publish:
                terraform:
                    gpgPrivateKey: $terraform_gpg_private_key
                    gpgPassPhrase: $terraform_gpg_passphrase
