speakeasyVersion: 1.575.5
sources:
    firehydrant-oas:
        sourceNamespace: firehydrant-oas
        sourceRevisionDigest: sha256:6d2fd94f5f37cd4df261a8a3ad8d73647183f63a6a93572bc0e1063636df33d4
        sourceBlobDigest: sha256:76ba6de3bc2bfbb666f3d2fad2b2a0322e019f3a71b31ad049c1f26129f92eba
        tags:
            - latest
            - speakeasy-sdk-regen-1751557646
            - 0.0.1
    firehydrant-terraform-sdk-OAS:
        sourceNamespace: firehydrant-terraform-sdk-oas
        sourceRevisionDigest: sha256:c7d0011194e8963eb9f8e18a54a21f82a9fc6e53c638b143385ca5aaabc232b5
        sourceBlobDigest: sha256:f6ffe4d71cbc8f195cf28218fe7c5a6212053a7fa58a4e0aa275374cfcf3c675
        tags:
            - latest
            - speakeasy-sdk-regen-1736359114
targets:
    firehydrant-terraform-sdk:
        source: firehydrant-oas
        sourceNamespace: firehydrant-oas
        sourceRevisionDigest: sha256:6d2fd94f5f37cd4df261a8a3ad8d73647183f63a6a93572bc0e1063636df33d4
        sourceBlobDigest: sha256:76ba6de3bc2bfbb666f3d2fad2b2a0322e019f3a71b31ad049c1f26129f92eba
workflow:
    workflowVersion: 1.0.0
    speakeasyVersion: latest
    sources:
        firehydrant-oas:
            inputs:
                - location: ${GITHUB_WORKSPACE}/openapi.json
            overlays:
                - location: ${GITHUB_WORKSPACE}/.speakeasy/terraform-overlay.yaml
            registry:
                location: registry.speakeasyapi.dev/firehydrant/firehydrant/firehydrant-oas
    targets:
        firehydrant-terraform-sdk:
            target: terraform
            source: firehydrant-oas
            publish:
                terraform:
                    gpgPrivateKey: $terraform_gpg_private_key
                    gpgPassPhrase: $terraform_gpg_passphrase
