speakeasyVersion: 1.581.0
sources:
    firehydrant-oas:
        sourceNamespace: firehydrant-oas
        sourceRevisionDigest: sha256:afaa133ba144d31d894e79f4cb11ce8cf8f1e68f35e2b3aac18dfa59e4dd7e10
        sourceBlobDigest: sha256:9609f29d3f6e9b3fa9e50d9939be3de8eb799c0ad1fcc2c3578c791ac6bcb93f
        tags:
            - latest
            - speakeasy-sdk-regen-1752278662
            - 0.0.1
    firehydrant-terraform-sdk-OAS:
        sourceNamespace: firehydrant-terraform-sdk-oas
        sourceRevisionDigest: sha256:c7d0011194e8963eb9f8e18a54a21f82a9fc6e53c638b143385ca5aaabc232b5
        sourceBlobDigest: sha256:f6ffe4d71cbc8f195cf28218fe7c5a6212053a7fa58a4e0aa275374cfcf3c675
        tags:
            - latest
            - speakeasy-sdk-regen-1736359114
targets:
    firehydrant-terraform-sdk:
        source: firehydrant-oas
        sourceNamespace: firehydrant-oas
        sourceRevisionDigest: sha256:afaa133ba144d31d894e79f4cb11ce8cf8f1e68f35e2b3aac18dfa59e4dd7e10
        sourceBlobDigest: sha256:9609f29d3f6e9b3fa9e50d9939be3de8eb799c0ad1fcc2c3578c791ac6bcb93f
workflow:
    workflowVersion: 1.0.0
    speakeasyVersion: latest
    sources:
        firehydrant-oas:
            inputs:
                - location: ${GITHUB_WORKSPACE}/openapi.json
            overlays:
                - location: ${GITHUB_WORKSPACE}/.speakeasy/terraform-overlay.yaml
            registry:
                location: registry.speakeasyapi.dev/firehydrant/firehydrant/firehydrant-oas
    targets:
        firehydrant-terraform-sdk:
            target: terraform
            source: firehydrant-oas
            publish:
                terraform:
                    gpgPrivateKey: $terraform_gpg_private_key
                    gpgPassPhrase: $terraform_gpg_passphrase
